
Microsoft Visual Studio Solution File, Format Version 12.00
# Visual Studio Version 16
VisualStudioVersion = 16.0.30413.136
MinimumVisualStudioVersion = 10.0.40219.1
Project("{FAE04EC0-301F-11D3-BF4B-00C04F79EFBC}") = "MP_4_1 ParzysteNieparzyste", "MP_4_1 ParzysteNieparzyste\MP_4_1 ParzysteNieparzyste.csproj", "{DE834DDA-D0B3-49B0-9D02-EA1F68ECC2D2}"
EndProject
Global
	GlobalSection(SolutionConfigurationPlatforms) = preSolution
		Debug|Any CPU = Debug|Any CPU
		Release|Any CPU = Release|Any CPU
	EndGlobalSection
	GlobalSection(ProjectConfigurationPlatforms) = postSolution
		{DE834DDA-D0B3-49B0-9D02-EA1F68ECC2D2}.Debug|Any CPU.ActiveCfg = Debug|Any CPU
		{DE834DDA-D0B3-49B0-9D02-EA1F68ECC2D2}.Debug|Any CPU.Build.0 = Debug|Any CPU
		{DE834DDA-D0B3-49B0-9D02-EA1F68ECC2D2}.Release|Any CPU.ActiveCfg = Release|Any CPU
		{DE834DDA-D0B3-49B0-9D02-EA1F68ECC2D2}.Release|Any CPU.Build.0 = Release|Any CPU
	EndGlobalSection
	GlobalSection(SolutionProperties) = preSolution
		HideSolutionNode = FALSE
	EndGlobalSection
	GlobalSection(ExtensibilityGlobals) = postSolution
		SolutionGuid = {F7B4C8CE-D73E-4B57-B91C-E0863BEC193C}
	EndGlobalSection
EndGlobal
